
Microsoft Visual Studio Solution File, Format Version 12.00
# Visual Studio Version 16
VisualStudioVersion = 16.0.30114.105
MinimumVisualStudioVersion = 10.0.40219.1
Project("{2150E333-8FDC-42A3-9474-1A3956D46DE8}") = "ray tracing in one weekend", "ray tracing in one weekend", "{BADAFA16-529E-4410-8CAD-466ED986BA93}"
EndProject
Project("{8BC9CEB8-8B4A-11D0-8D11-00A0C91BC942}") = "chapter_01", "ray tracing in one weekend\chapter_01\chapter_01.vcxproj", "{18585A05-767A-4D14-B709-E0958A94A60E}"
EndProject
Global
	GlobalSection(SolutionConfigurationPlatforms) = preSolution
		Debug|x64 = Debug|x64
		Debug|x86 = Debug|x86
		Release|x64 = Release|x64
		Release|x86 = Release|x86
	EndGlobalSection
	GlobalSection(ProjectConfigurationPlatforms) = postSolution
		{18585A05-767A-4D14-B709-E0958A94A60E}.Debug|x64.ActiveCfg = Debug|x64
		{18585A05-767A-4D14-B709-E0958A94A60E}.Debug|x64.Build.0 = Debug|x64
		{18585A05-767A-4D14-B709-E0958A94A60E}.Debug|x86.ActiveCfg = Debug|Win32
		{18585A05-767A-4D14-B709-E0958A94A60E}.Debug|x86.Build.0 = Debug|Win32
		{18585A05-767A-4D14-B709-E0958A94A60E}.Release|x64.ActiveCfg = Release|x64
		{18585A05-767A-4D14-B709-E0958A94A60E}.Release|x64.Build.0 = Release|x64
		{18585A05-767A-4D14-B709-E0958A94A60E}.Release|x86.ActiveCfg = Release|Win32
		{18585A05-767A-4D14-B709-E0958A94A60E}.Release|x86.Build.0 = Release|Win32
	EndGlobalSection
	GlobalSection(SolutionProperties) = preSolution
		HideSolutionNode = FALSE
	EndGlobalSection
	GlobalSection(NestedProjects) = preSolution
		{18585A05-767A-4D14-B709-E0958A94A60E} = {BADAFA16-529E-4410-8CAD-466ED986BA93}
	EndGlobalSection
	GlobalSection(ExtensibilityGlobals) = postSolution
		SolutionGuid = {09F5B390-CB87-4839-8002-894DB3E0B62C}
	EndGlobalSection
EndGlobal
